
Microsoft Visual Studio Solution File, Format Version 12.00
# Visual Studio Version 17
VisualStudioVersion = 17.9.34728.123
MinimumVisualStudioVersion = 10.0.40219.1
Project("{FAE04EC0-301F-11D3-BF4B-00C04F79EFBC}") = "ConsoleApp3", "ConsoleApp3\ConsoleApp3.csproj", "{9BD98D4C-EAEA-49D1-8BAB-630BE2EAF125}"
EndProject
Global
	GlobalSection(SolutionConfigurationPlatforms) = preSolution
		Debug|Any CPU = Debug|Any CPU
		Release|Any CPU = Release|Any CPU
	EndGlobalSection
	GlobalSection(ProjectConfigurationPlatforms) = postSolution
		{9BD98D4C-EAEA-49D1-8BAB-630BE2EAF125}.Debug|Any CPU.ActiveCfg = Debug|Any CPU
		{9BD98D4C-EAEA-49D1-8BAB-630BE2EAF125}.Debug|Any CPU.Build.0 = Debug|Any CPU
		{9BD98D4C-EAEA-49D1-8BAB-630BE2EAF125}.Release|Any CPU.ActiveCfg = Release|Any CPU
		{9BD98D4C-EAEA-49D1-8BAB-630BE2EAF125}.Release|Any CPU.Build.0 = Release|Any CPU
	EndGlobalSection
	GlobalSection(SolutionProperties) = preSolution
		HideSolutionNode = FALSE
	EndGlobalSection
	GlobalSection(ExtensibilityGlobals) = postSolution
		SolutionGuid = {03EF96C8-A075-4163-9453-042BACA5FB70}
	EndGlobalSection
EndGlobal
